
Microsoft Visual Studio Solution File, Format Version 12.00
# Visual Studio Version 17
VisualStudioVersion = 17.6.33829.357
MinimumVisualStudioVersion = 10.0.40219.1
Project("{FAE04EC0-301F-11D3-BF4B-00C04F79EFBC}") = "ResourceTracker", "ResourceTracker.csproj", "{71A54A5B-C272-445C-BA9D-4A4809D48D4D}"
EndProject
Global
	GlobalSection(SolutionConfigurationPlatforms) = preSolution
		Debug|Any CPU = Debug|Any CPU
		Release|Any CPU = Release|Any CPU
	EndGlobalSection
	GlobalSection(ProjectConfigurationPlatforms) = postSolution
		{71A54A5B-C272-445C-BA9D-4A4809D48D4D}.Debug|Any CPU.ActiveCfg = Debug|Any CPU
		{71A54A5B-C272-445C-BA9D-4A4809D48D4D}.Debug|Any CPU.Build.0 = Debug|Any CPU
		{71A54A5B-C272-445C-BA9D-4A4809D48D4D}.Release|Any CPU.ActiveCfg = Release|Any CPU
		{71A54A5B-C272-445C-BA9D-4A4809D48D4D}.Release|Any CPU.Build.0 = Release|Any CPU
	EndGlobalSection
	GlobalSection(SolutionProperties) = preSolution
		HideSolutionNode = FALSE
	EndGlobalSection
	GlobalSection(ExtensibilityGlobals) = postSolution
		SolutionGuid = {6D72C817-066E-46BA-9DAC-4A4039D8C657}
	EndGlobalSection
EndGlobal
